// !$*UTF8*$!
{
	archiveVersion = 1;
	classes = {
	};
	objectVersion = 56;
	objects = {

/* Begin PBXBuildFile section */
		A1D8CC7D2C08F82200467C36 /* ProjektHephaistosApp.swift in Sources */ = {isa = PBXBuildFile; fileRef = A1D8CC7C2C08F82200467C36 /* ProjektHephaistosApp.swift */; };
		A1D8CC7F2C08F82200467C36 /* ContentView.swift in Sources */ = {isa = PBXBuildFile; fileRef = A1D8CC7E2C08F82200467C36 /* ContentView.swift */; };
		A1D8CC812C08F82200467C36 /* Item.swift in Sources */ = {isa = PBXBuildFile; fileRef = A1D8CC802C08F82200467C36 /* Item.swift */; };
		A1D8CC832C08F82300467C36 /* Assets.xcassets in Resources */ = {isa = PBXBuildFile; fileRef = A1D8CC822C08F82300467C36 /* Assets.xcassets */; };
		A1D8CC872C08F82300467C36 /* Preview Assets.xcassets in Resources */ = {isa = PBXBuildFile; fileRef = A1D8CC862C08F82300467C36 /* Preview Assets.xcassets */; };
		A1D8CC912C08F82400467C36 /* ProjektHephaistosTests.swift in Sources */ = {isa = PBXBuildFile; fileRef = A1D8CC902C08F82400467C36 /* ProjektHephaistosTests.swift */; };
		A1D8CC9B2C08F82400467C36 /* ProjektHephaistosUITests.swift in Sources */ = {isa = PBXBuildFile; fileRef = A1D8CC9A2C08F82400467C36 /* ProjektHephaistosUITests.swift */; };
		A1D8CC9D2C08F82400467C36 /* ProjektHephaistosUITestsLaunchTests.swift in Sources */ = {isa = PBXBuildFile; fileRef = A1D8CC9C2C08F82400467C36 /* ProjektHephaistosUITestsLaunchTests.swift */; };
		A1D8CCAA2C08F88100467C36 /* DemoView.swift in Sources */ = {isa = PBXBuildFile; fileRef = A1D8CCA92C08F88100467C36 /* DemoView.swift */; };
		A1D8CCB02C09238200467C36 /* HeManager.swift in Sources */ = {isa = PBXBuildFile; fileRef = A1D8CCAF2C09238200467C36 /* HeManager.swift */; };
		A1D8CCB22C09239C00467C36 /* ConsoleHeManager.swift in Sources */ = {isa = PBXBuildFile; fileRef = A1D8CCB12C09239C00467C36 /* ConsoleHeManager.swift */; };
		A1D8CCB42C0923DA00467C36 /* HeView.swift in Sources */ = {isa = PBXBuildFile; fileRef = A1D8CCB32C0923DA00467C36 /* HeView.swift */; };
		A1D8CCB62C0923F500467C36 /* PlainHeView.swift in Sources */ = {isa = PBXBuildFile; fileRef = A1D8CCB52C0923F500467C36 /* PlainHeView.swift */; };
		A1D8CCB82C09240900467C36 /* HeElement.swift in Sources */ = {isa = PBXBuildFile; fileRef = A1D8CCB72C09240900467C36 /* HeElement.swift */; };
		A1D8CCBA2C09242800467C36 /* HeItemType.swift in Sources */ = {isa = PBXBuildFile; fileRef = A1D8CCB92C09242800467C36 /* HeItemType.swift */; };
		A1D8CCBE2C0924B900467C36 /* HeText.swift in Sources */ = {isa = PBXBuildFile; fileRef = A1D8CCBD2C0924B900467C36 /* HeText.swift */; };
		A1D8CCC02C0924DD00467C36 /* HeTextField.swift in Sources */ = {isa = PBXBuildFile; fileRef = A1D8CCBF2C0924DD00467C36 /* HeTextField.swift */; };
		A1D8CCC22C0933CE00467C36 /* CardHeView.swift in Sources */ = {isa = PBXBuildFile; fileRef = A1D8CCC12C0933CE00467C36 /* CardHeView.swift */; };
		A1D8CCC52C0937CA00467C36 /* HeItem.swift in Sources */ = {isa = PBXBuildFile; fileRef = A1D8CCC42C0937CA00467C36 /* HeItem.swift */; };
		A1D8CCC72C0937E900467C36 /* HeViewData.swift in Sources */ = {isa = PBXBuildFile; fileRef = A1D8CCC62C0937E900467C36 /* HeViewData.swift */; };
		A1D8CCC92C093C2100467C36 /* AnyCodable.swift in Sources */ = {isa = PBXBuildFile; fileRef = A1D8CCC82C093C2100467C36 /* AnyCodable.swift */; };
		A1F9D3F62C0A0AC100257D54 /* HeElementFactory.swift in Sources */ = {isa = PBXBuildFile; fileRef = A1F9D3F52C0A0AC100257D54 /* HeElementFactory.swift */; };
		A1F9D3F82C0A0AD400257D54 /* HeViewFactory.swift in Sources */ = {isa = PBXBuildFile; fileRef = A1F9D3F72C0A0AD400257D54 /* HeViewFactory.swift */; };
		A1F9D3FA2C0A0AE600257D54 /* HeItemRegistry.swift in Sources */ = {isa = PBXBuildFile; fileRef = A1F9D3F92C0A0AE600257D54 /* HeItemRegistry.swift */; };
		A1F9D3FD2C0A0B1B00257D54 /* HeTextFactory.swift in Sources */ = {isa = PBXBuildFile; fileRef = A1F9D3FC2C0A0B1B00257D54 /* HeTextFactory.swift */; };
		A1F9D4002C0A0B3F00257D54 /* HeTextFieldFactory.swift in Sources */ = {isa = PBXBuildFile; fileRef = A1F9D3FF2C0A0B3F00257D54 /* HeTextFieldFactory.swift */; };
		A1F9D4042C0A0B8000257D54 /* PlainHeViewFactory.swift in Sources */ = {isa = PBXBuildFile; fileRef = A1F9D4032C0A0B8000257D54 /* PlainHeViewFactory.swift */; };
		A1F9D4062C0A0B9400257D54 /* CardHeViewFactory.swift in Sources */ = {isa = PBXBuildFile; fileRef = A1F9D4052C0A0B9400257D54 /* CardHeViewFactory.swift */; };
		A1F9D4082C0A15A800257D54 /* HeItemFactory.swift in Sources */ = {isa = PBXBuildFile; fileRef = A1F9D4072C0A15A800257D54 /* HeItemFactory.swift */; };
		A1F9D40A2C0A15C400257D54 /* AutoRegisteringFactory.swift in Sources */ = {isa = PBXBuildFile; fileRef = A1F9D4092C0A15C400257D54 /* AutoRegisteringFactory.swift */; };
/* End PBXBuildFile section */

/* Begin PBXContainerItemProxy section */
		A1D8CC8D2C08F82400467C36 /* PBXContainerItemProxy */ = {
			isa = PBXContainerItemProxy;
			containerPortal = A1D8CC712C08F82200467C36 /* Project object */;
			proxyType = 1;
			remoteGlobalIDString = A1D8CC782C08F82200467C36;
			remoteInfo = ProjektHephaistos;
		};
		A1D8CC972C08F82400467C36 /* PBXContainerItemProxy */ = {
			isa = PBXContainerItemProxy;
			containerPortal = A1D8CC712C08F82200467C36 /* Project object */;
			proxyType = 1;
			remoteGlobalIDString = A1D8CC782C08F82200467C36;
			remoteInfo = ProjektHephaistos;
		};
/* End PBXContainerItemProxy section */

/* Begin PBXFileReference section */
		A1D8CC792C08F82200467C36 /* ProjektHephaistos.app */ = {isa = PBXFileReference; explicitFileType = wrapper.application; includeInIndex = 0; path = ProjektHephaistos.app; sourceTree = BUILT_PRODUCTS_DIR; };
		A1D8CC7C2C08F82200467C36 /* ProjektHephaistosApp.swift */ = {isa = PBXFileReference; lastKnownFileType = sourcecode.swift; path = ProjektHephaistosApp.swift; sourceTree = "<group>"; };
		A1D8CC7E2C08F82200467C36 /* ContentView.swift */ = {isa = PBXFileReference; lastKnownFileType = sourcecode.swift; path = ContentView.swift; sourceTree = "<group>"; };
		A1D8CC802C08F82200467C36 /* Item.swift */ = {isa = PBXFileReference; lastKnownFileType = sourcecode.swift; path = Item.swift; sourceTree = "<group>"; };
		A1D8CC822C08F82300467C36 /* Assets.xcassets */ = {isa = PBXFileReference; lastKnownFileType = folder.assetcatalog; path = Assets.xcassets; sourceTree = "<group>"; };
		A1D8CC842C08F82300467C36 /* ProjektHephaistos.entitlements */ = {isa = PBXFileReference; lastKnownFileType = text.plist.entitlements; path = ProjektHephaistos.entitlements; sourceTree = "<group>"; };
		A1D8CC862C08F82300467C36 /* Preview Assets.xcassets */ = {isa = PBXFileReference; lastKnownFileType = folder.assetcatalog; path = "Preview Assets.xcassets"; sourceTree = "<group>"; };
		A1D8CC8C2C08F82400467C36 /* ProjektHephaistosTests.xctest */ = {isa = PBXFileReference; explicitFileType = wrapper.cfbundle; includeInIndex = 0; path = ProjektHephaistosTests.xctest; sourceTree = BUILT_PRODUCTS_DIR; };
		A1D8CC902C08F82400467C36 /* ProjektHephaistosTests.swift */ = {isa = PBXFileReference; lastKnownFileType = sourcecode.swift; path = ProjektHephaistosTests.swift; sourceTree = "<group>"; };
		A1D8CC962C08F82400467C36 /* ProjektHephaistosUITests.xctest */ = {isa = PBXFileReference; explicitFileType = wrapper.cfbundle; includeInIndex = 0; path = ProjektHephaistosUITests.xctest; sourceTree = BUILT_PRODUCTS_DIR; };
		A1D8CC9A2C08F82400467C36 /* ProjektHephaistosUITests.swift */ = {isa = PBXFileReference; lastKnownFileType = sourcecode.swift; path = ProjektHephaistosUITests.swift; sourceTree = "<group>"; };
		A1D8CC9C2C08F82400467C36 /* ProjektHephaistosUITestsLaunchTests.swift */ = {isa = PBXFileReference; lastKnownFileType = sourcecode.swift; path = ProjektHephaistosUITestsLaunchTests.swift; sourceTree = "<group>"; };
		A1D8CCA92C08F88100467C36 /* DemoView.swift */ = {isa = PBXFileReference; lastKnownFileType = sourcecode.swift; path = DemoView.swift; sourceTree = "<group>"; };
		A1D8CCAF2C09238200467C36 /* HeManager.swift */ = {isa = PBXFileReference; lastKnownFileType = sourcecode.swift; path = HeManager.swift; sourceTree = "<group>"; };
		A1D8CCB12C09239C00467C36 /* ConsoleHeManager.swift */ = {isa = PBXFileReference; lastKnownFileType = sourcecode.swift; path = ConsoleHeManager.swift; sourceTree = "<group>"; };
		A1D8CCB32C0923DA00467C36 /* HeView.swift */ = {isa = PBXFileReference; lastKnownFileType = sourcecode.swift; path = HeView.swift; sourceTree = "<group>"; };
		A1D8CCB52C0923F500467C36 /* PlainHeView.swift */ = {isa = PBXFileReference; lastKnownFileType = sourcecode.swift; path = PlainHeView.swift; sourceTree = "<group>"; };
		A1D8CCB72C09240900467C36 /* HeElement.swift */ = {isa = PBXFileReference; lastKnownFileType = sourcecode.swift; path = HeElement.swift; sourceTree = "<group>"; };
		A1D8CCB92C09242800467C36 /* HeItemType.swift */ = {isa = PBXFileReference; lastKnownFileType = sourcecode.swift; path = HeItemType.swift; sourceTree = "<group>"; };
		A1D8CCBD2C0924B900467C36 /* HeText.swift */ = {isa = PBXFileReference; lastKnownFileType = sourcecode.swift; path = HeText.swift; sourceTree = "<group>"; };
		A1D8CCBF2C0924DD00467C36 /* HeTextField.swift */ = {isa = PBXFileReference; lastKnownFileType = sourcecode.swift; path = HeTextField.swift; sourceTree = "<group>"; };
		A1D8CCC12C0933CE00467C36 /* CardHeView.swift */ = {isa = PBXFileReference; lastKnownFileType = sourcecode.swift; path = CardHeView.swift; sourceTree = "<group>"; };
		A1D8CCC42C0937CA00467C36 /* HeItem.swift */ = {isa = PBXFileReference; lastKnownFileType = sourcecode.swift; path = HeItem.swift; sourceTree = "<group>"; };
		A1D8CCC62C0937E900467C36 /* HeViewData.swift */ = {isa = PBXFileReference; lastKnownFileType = sourcecode.swift; path = HeViewData.swift; sourceTree = "<group>"; };
		A1D8CCC82C093C2100467C36 /* AnyCodable.swift */ = {isa = PBXFileReference; lastKnownFileType = sourcecode.swift; path = AnyCodable.swift; sourceTree = "<group>"; };
		A1F9D3F52C0A0AC100257D54 /* HeElementFactory.swift */ = {isa = PBXFileReference; lastKnownFileType = sourcecode.swift; path = HeElementFactory.swift; sourceTree = "<group>"; };
		A1F9D3F72C0A0AD400257D54 /* HeViewFactory.swift */ = {isa = PBXFileReference; lastKnownFileType = sourcecode.swift; path = HeViewFactory.swift; sourceTree = "<group>"; };
		A1F9D3F92C0A0AE600257D54 /* HeItemRegistry.swift */ = {isa = PBXFileReference; lastKnownFileType = sourcecode.swift; path = HeItemRegistry.swift; sourceTree = "<group>"; };
		A1F9D3FC2C0A0B1B00257D54 /* HeTextFactory.swift */ = {isa = PBXFileReference; lastKnownFileType = sourcecode.swift; path = HeTextFactory.swift; sourceTree = "<group>"; };
		A1F9D3FF2C0A0B3F00257D54 /* HeTextFieldFactory.swift */ = {isa = PBXFileReference; lastKnownFileType = sourcecode.swift; path = HeTextFieldFactory.swift; sourceTree = "<group>"; };
		A1F9D4032C0A0B8000257D54 /* PlainHeViewFactory.swift */ = {isa = PBXFileReference; lastKnownFileType = sourcecode.swift; path = PlainHeViewFactory.swift; sourceTree = "<group>"; };
		A1F9D4052C0A0B9400257D54 /* CardHeViewFactory.swift */ = {isa = PBXFileReference; lastKnownFileType = sourcecode.swift; path = CardHeViewFactory.swift; sourceTree = "<group>"; };
		A1F9D4072C0A15A800257D54 /* HeItemFactory.swift */ = {isa = PBXFileReference; lastKnownFileType = sourcecode.swift; path = HeItemFactory.swift; sourceTree = "<group>"; };
		A1F9D4092C0A15C400257D54 /* AutoRegisteringFactory.swift */ = {isa = PBXFileReference; lastKnownFileType = sourcecode.swift; path = AutoRegisteringFactory.swift; sourceTree = "<group>"; };
/* End PBXFileReference section */

/* Begin PBXFrameworksBuildPhase section */
		A1D8CC762C08F82200467C36 /* Frameworks */ = {
			isa = PBXFrameworksBuildPhase;
			buildActionMask = 2147483647;
			files = (
			);
			runOnlyForDeploymentPostprocessing = 0;
		};
		A1D8CC892C08F82400467C36 /* Frameworks */ = {
			isa = PBXFrameworksBuildPhase;
			buildActionMask = 2147483647;
			files = (
			);
			runOnlyForDeploymentPostprocessing = 0;
		};
		A1D8CC932C08F82400467C36 /* Frameworks */ = {
			isa = PBXFrameworksBuildPhase;
			buildActionMask = 2147483647;
			files = (
			);
			runOnlyForDeploymentPostprocessing = 0;
		};
/* End PBXFrameworksBuildPhase section */

/* Begin PBXGroup section */
		A1D8CC702C08F82200467C36 = {
			isa = PBXGroup;
			children = (
				A1D8CC7B2C08F82200467C36 /* ProjektHephaistos */,
				A1D8CC8F2C08F82400467C36 /* ProjektHephaistosTests */,
				A1D8CC992C08F82400467C36 /* ProjektHephaistosUITests */,
				A1D8CC7A2C08F82200467C36 /* Products */,
			);
			sourceTree = "<group>";
		};
		A1D8CC7A2C08F82200467C36 /* Products */ = {
			isa = PBXGroup;
			children = (
				A1D8CC792C08F82200467C36 /* ProjektHephaistos.app */,
				A1D8CC8C2C08F82400467C36 /* ProjektHephaistosTests.xctest */,
				A1D8CC962C08F82400467C36 /* ProjektHephaistosUITests.xctest */,
			);
			name = Products;
			sourceTree = "<group>";
		};
		A1D8CC7B2C08F82200467C36 /* ProjektHephaistos */ = {
			isa = PBXGroup;
			children = (
				A1D8CCAB2C09230E00467C36 /* Hephaistos */,
				A1D8CC7C2C08F82200467C36 /* ProjektHephaistosApp.swift */,
				A1D8CC7E2C08F82200467C36 /* ContentView.swift */,
				A1D8CC802C08F82200467C36 /* Item.swift */,
				A1D8CC822C08F82300467C36 /* Assets.xcassets */,
				A1D8CC842C08F82300467C36 /* ProjektHephaistos.entitlements */,
				A1D8CC852C08F82300467C36 /* Preview Content */,
			);
			path = ProjektHephaistos;
			sourceTree = "<group>";
		};
		A1D8CC852C08F82300467C36 /* Preview Content */ = {
			isa = PBXGroup;
			children = (
				A1D8CC862C08F82300467C36 /* Preview Assets.xcassets */,
			);
			path = "Preview Content";
			sourceTree = "<group>";
		};
		A1D8CC8F2C08F82400467C36 /* ProjektHephaistosTests */ = {
			isa = PBXGroup;
			children = (
				A1D8CC902C08F82400467C36 /* ProjektHephaistosTests.swift */,
			);
			path = ProjektHephaistosTests;
			sourceTree = "<group>";
		};
		A1D8CC992C08F82400467C36 /* ProjektHephaistosUITests */ = {
			isa = PBXGroup;
			children = (
				A1D8CC9A2C08F82400467C36 /* ProjektHephaistosUITests.swift */,
				A1D8CC9C2C08F82400467C36 /* ProjektHephaistosUITestsLaunchTests.swift */,
			);
			path = ProjektHephaistosUITests;
			sourceTree = "<group>";
		};
		A1D8CCAB2C09230E00467C36 /* Hephaistos */ = {
			isa = PBXGroup;
			children = (
				A1D8CCA92C08F88100467C36 /* DemoView.swift */,
				A1F9D3F42C0A0AAE00257D54 /* FactoryPattern */,
				A1D8CCAC2C09232000467C36 /* Manager */,
				A1D8CCC32C0937B600467C36 /* Items */,
			);
			path = Hephaistos;
			sourceTree = "<group>";
		};
		A1D8CCAC2C09232000467C36 /* Manager */ = {
			isa = PBXGroup;
			children = (
				A1D8CCAF2C09238200467C36 /* HeManager.swift */,
				A1D8CCB12C09239C00467C36 /* ConsoleHeManager.swift */,
				A1D8CCC82C093C2100467C36 /* AnyCodable.swift */,
			);
			path = Manager;
			sourceTree = "<group>";
		};
		A1D8CCAD2C09232700467C36 /* Views */ = {
			isa = PBXGroup;
			children = (
				A1D8CCB32C0923DA00467C36 /* HeView.swift */,
				A1D8CCC62C0937E900467C36 /* HeViewData.swift */,
				A1F9D4012C0A0B5100257D54 /* PlainHeView */,
				A1F9D4022C0A0B6400257D54 /* CardHeView */,
			);
			path = Views;
			sourceTree = "<group>";
		};
		A1D8CCAE2C09235900467C36 /* Elements */ = {
			isa = PBXGroup;
			children = (
				A1D8CCB72C09240900467C36 /* HeElement.swift */,
				A1D8CCB92C09242800467C36 /* HeItemType.swift */,
				A1F9D3FB2C0A0B0400257D54 /* HeText */,
				A1F9D3FE2C0A0B2900257D54 /* HeTextField */,
			);
			path = Elements;
			sourceTree = "<group>";
		};
		A1D8CCC32C0937B600467C36 /* Items */ = {
			isa = PBXGroup;
			children = (
				A1D8CCC42C0937CA00467C36 /* HeItem.swift */,
				A1D8CCAD2C09232700467C36 /* Views */,
				A1D8CCAE2C09235900467C36 /* Elements */,
			);
			path = Items;
			sourceTree = "<group>";
		};
		A1F9D3F42C0A0AAE00257D54 /* FactoryPattern */ = {
			isa = PBXGroup;
			children = (
				A1F9D4072C0A15A800257D54 /* HeItemFactory.swift */,
				A1F9D3F52C0A0AC100257D54 /* HeElementFactory.swift */,
				A1F9D3F72C0A0AD400257D54 /* HeViewFactory.swift */,
				A1F9D3F92C0A0AE600257D54 /* HeItemRegistry.swift */,
				A1F9D4092C0A15C400257D54 /* AutoRegisteringFactory.swift */,
			);
			path = FactoryPattern;
			sourceTree = "<group>";
		};
		A1F9D3FB2C0A0B0400257D54 /* HeText */ = {
			isa = PBXGroup;
			children = (
				A1D8CCBD2C0924B900467C36 /* HeText.swift */,
				A1F9D3FC2C0A0B1B00257D54 /* HeTextFactory.swift */,
			);
			path = HeText;
			sourceTree = "<group>";
		};
		A1F9D3FE2C0A0B2900257D54 /* HeTextField */ = {
			isa = PBXGroup;
			children = (
				A1D8CCBF2C0924DD00467C36 /* HeTextField.swift */,
				A1F9D3FF2C0A0B3F00257D54 /* HeTextFieldFactory.swift */,
			);
			path = HeTextField;
			sourceTree = "<group>";
		};
		A1F9D4012C0A0B5100257D54 /* PlainHeView */ = {
			isa = PBXGroup;
			children = (
				A1D8CCB52C0923F500467C36 /* PlainHeView.swift */,
				A1F9D4032C0A0B8000257D54 /* PlainHeViewFactory.swift */,
			);
			path = PlainHeView;
			sourceTree = "<group>";
		};
		A1F9D4022C0A0B6400257D54 /* CardHeView */ = {
			isa = PBXGroup;
			children = (
				A1D8CCC12C0933CE00467C36 /* CardHeView.swift */,
				A1F9D4052C0A0B9400257D54 /* CardHeViewFactory.swift */,
			);
			path = CardHeView;
			sourceTree = "<group>";
		};
/* End PBXGroup section */

/* Begin PBXNativeTarget section */
		A1D8CC782C08F82200467C36 /* ProjektHephaistos */ = {
			isa = PBXNativeTarget;
			buildConfigurationList = A1D8CCA02C08F82400467C36 /* Build configuration list for PBXNativeTarget "ProjektHephaistos" */;
			buildPhases = (
				A1D8CC752C08F82200467C36 /* Sources */,
				A1D8CC762C08F82200467C36 /* Frameworks */,
				A1D8CC772C08F82200467C36 /* Resources */,
			);
			buildRules = (
			);
			dependencies = (
			);
			name = ProjektHephaistos;
			productName = ProjektHephaistos;
			productReference = A1D8CC792C08F82200467C36 /* ProjektHephaistos.app */;
			productType = "com.apple.product-type.application";
		};
		A1D8CC8B2C08F82400467C36 /* ProjektHephaistosTests */ = {
			isa = PBXNativeTarget;
			buildConfigurationList = A1D8CCA32C08F82400467C36 /* Build configuration list for PBXNativeTarget "ProjektHephaistosTests" */;
			buildPhases = (
				A1D8CC882C08F82400467C36 /* Sources */,
				A1D8CC892C08F82400467C36 /* Frameworks */,
				A1D8CC8A2C08F82400467C36 /* Resources */,
			);
			buildRules = (
			);
			dependencies = (
				A1D8CC8E2C08F82400467C36 /* PBXTargetDependency */,
			);
			name = ProjektHephaistosTests;
			productName = ProjektHephaistosTests;
			productReference = A1D8CC8C2C08F82400467C36 /* ProjektHephaistosTests.xctest */;
			productType = "com.apple.product-type.bundle.unit-test";
		};
		A1D8CC952C08F82400467C36 /* ProjektHephaistosUITests */ = {
			isa = PBXNativeTarget;
			buildConfigurationList = A1D8CCA62C08F82400467C36 /* Build configuration list for PBXNativeTarget "ProjektHephaistosUITests" */;
			buildPhases = (
				A1D8CC922C08F82400467C36 /* Sources */,
				A1D8CC932C08F82400467C36 /* Frameworks */,
				A1D8CC942C08F82400467C36 /* Resources */,
			);
			buildRules = (
			);
			dependencies = (
				A1D8CC982C08F82400467C36 /* PBXTargetDependency */,
			);
			name = ProjektHephaistosUITests;
			productName = ProjektHephaistosUITests;
			productReference = A1D8CC962C08F82400467C36 /* ProjektHephaistosUITests.xctest */;
			productType = "com.apple.product-type.bundle.ui-testing";
		};
/* End PBXNativeTarget section */

/* Begin PBXProject section */
		A1D8CC712C08F82200467C36 /* Project object */ = {
			isa = PBXProject;
			attributes = {
				BuildIndependentTargetsInParallel = 1;
				LastSwiftUpdateCheck = 1530;
				LastUpgradeCheck = 1530;
				TargetAttributes = {
					A1D8CC782C08F82200467C36 = {
						CreatedOnToolsVersion = 15.3;
					};
					A1D8CC8B2C08F82400467C36 = {
						CreatedOnToolsVersion = 15.3;
						TestTargetID = A1D8CC782C08F82200467C36;
					};
					A1D8CC952C08F82400467C36 = {
						CreatedOnToolsVersion = 15.3;
						TestTargetID = A1D8CC782C08F82200467C36;
					};
				};
			};
			buildConfigurationList = A1D8CC742C08F82200467C36 /* Build configuration list for PBXProject "ProjektHephaistos" */;
			compatibilityVersion = "Xcode 14.0";
			developmentRegion = en;
			hasScannedForEncodings = 0;
			knownRegions = (
				en,
				Base,
			);
			mainGroup = A1D8CC702C08F82200467C36;
			productRefGroup = A1D8CC7A2C08F82200467C36 /* Products */;
			projectDirPath = "";
			projectRoot = "";
			targets = (
				A1D8CC782C08F82200467C36 /* ProjektHephaistos */,
				A1D8CC8B2C08F82400467C36 /* ProjektHephaistosTests */,
				A1D8CC952C08F82400467C36 /* ProjektHephaistosUITests */,
			);
		};
/* End PBXProject section */

/* Begin PBXResourcesBuildPhase section */
		A1D8CC772C08F82200467C36 /* Resources */ = {
			isa = PBXResourcesBuildPhase;
			buildActionMask = 2147483647;
			files = (
				A1D8CC872C08F82300467C36 /* Preview Assets.xcassets in Resources */,
				A1D8CC832C08F82300467C36 /* Assets.xcassets in Resources */,
			);
			runOnlyForDeploymentPostprocessing = 0;
		};
		A1D8CC8A2C08F82400467C36 /* Resources */ = {
			isa = PBXResourcesBuildPhase;
			buildActionMask = 2147483647;
			files = (
			);
			runOnlyForDeploymentPostprocessing = 0;
		};
		A1D8CC942C08F82400467C36 /* Resources */ = {
			isa = PBXResourcesBuildPhase;
			buildActionMask = 2147483647;
			files = (
			);
			runOnlyForDeploymentPostprocessing = 0;
		};
/* End PBXResourcesBuildPhase section */

/* Begin PBXSourcesBuildPhase section */
		A1D8CC752C08F82200467C36 /* Sources */ = {
			isa = PBXSourcesBuildPhase;
			buildActionMask = 2147483647;
			files = (
				A1F9D3FD2C0A0B1B00257D54 /* HeTextFactory.swift in Sources */,
				A1D8CCC72C0937E900467C36 /* HeViewData.swift in Sources */,
				A1D8CCB82C09240900467C36 /* HeElement.swift in Sources */,
				A1F9D4062C0A0B9400257D54 /* CardHeViewFactory.swift in Sources */,
				A1F9D4002C0A0B3F00257D54 /* HeTextFieldFactory.swift in Sources */,
				A1F9D3F62C0A0AC100257D54 /* HeElementFactory.swift in Sources */,
				A1F9D4042C0A0B8000257D54 /* PlainHeViewFactory.swift in Sources */,
				A1D8CCB62C0923F500467C36 /* PlainHeView.swift in Sources */,
				A1D8CCB22C09239C00467C36 /* ConsoleHeManager.swift in Sources */,
				A1D8CCB02C09238200467C36 /* HeManager.swift in Sources */,
				A1F9D4082C0A15A800257D54 /* HeItemFactory.swift in Sources */,
				A1D8CC7F2C08F82200467C36 /* ContentView.swift in Sources */,
				A1D8CCAA2C08F88100467C36 /* DemoView.swift in Sources */,
				A1F9D40A2C0A15C400257D54 /* AutoRegisteringFactory.swift in Sources */,
				A1D8CCC02C0924DD00467C36 /* HeTextField.swift in Sources */,
				A1D8CCBE2C0924B900467C36 /* HeText.swift in Sources */,
				A1F9D3F82C0A0AD400257D54 /* HeViewFactory.swift in Sources */,
				A1F9D3FA2C0A0AE600257D54 /* HeItemRegistry.swift in Sources */,
				A1D8CC812C08F82200467C36 /* Item.swift in Sources */,
				A1D8CC7D2C08F82200467C36 /* ProjektHephaistosApp.swift in Sources */,
				A1D8CCB42C0923DA00467C36 /* HeView.swift in Sources */,
				A1D8CCC22C0933CE00467C36 /* CardHeView.swift in Sources */,
				A1D8CCC92C093C2100467C36 /* AnyCodable.swift in Sources */,
				A1D8CCBA2C09242800467C36 /* HeItemType.swift in Sources */,
				A1D8CCC52C0937CA00467C36 /* HeItem.swift in Sources */,
			);
			runOnlyForDeploymentPostprocessing = 0;
		};
		A1D8CC882C08F82400467C36 /* Sources */ = {
			isa = PBXSourcesBuildPhase;
			buildActionMask = 2147483647;
			files = (
				A1D8CC912C08F82400467C36 /* ProjektHephaistosTests.swift in Sources */,
			);
			runOnlyForDeploymentPostprocessing = 0;
		};
		A1D8CC922C08F82400467C36 /* Sources */ = {
			isa = PBXSourcesBuildPhase;
			buildActionMask = 2147483647;
			files = (
				A1D8CC9D2C08F82400467C36 /* ProjektHephaistosUITestsLaunchTests.swift in Sources */,
				A1D8CC9B2C08F82400467C36 /* ProjektHephaistosUITests.swift in Sources */,
			);
			runOnlyForDeploymentPostprocessing = 0;
		};
/* End PBXSourcesBuildPhase section */

/* Begin PBXTargetDependency section */
		A1D8CC8E2C08F82400467C36 /* PBXTargetDependency */ = {
			isa = PBXTargetDependency;
			target = A1D8CC782C08F82200467C36 /* ProjektHephaistos */;
			targetProxy = A1D8CC8D2C08F82400467C36 /* PBXContainerItemProxy */;
		};
		A1D8CC982C08F82400467C36 /* PBXTargetDependency */ = {
			isa = PBXTargetDependency;
			target = A1D8CC782C08F82200467C36 /* ProjektHephaistos */;
			targetProxy = A1D8CC972C08F82400467C36 /* PBXContainerItemProxy */;
		};
/* End PBXTargetDependency section */

/* Begin XCBuildConfiguration section */
		A1D8CC9E2C08F82400467C36 /* Debug */ = {
			isa = XCBuildConfiguration;
			buildSettings = {
				ALWAYS_SEARCH_USER_PATHS = NO;
				ASSETCATALOG_COMPILER_GENERATE_SWIFT_ASSET_SYMBOL_EXTENSIONS = YES;
				CLANG_ANALYZER_NONNULL = YES;
				CLANG_ANALYZER_NUMBER_OBJECT_CONVERSION = YES_AGGRESSIVE;
				CLANG_CXX_LANGUAGE_STANDARD = "gnu++20";
				CLANG_ENABLE_MODULES = YES;
				CLANG_ENABLE_OBJC_ARC = YES;
				CLANG_ENABLE_OBJC_WEAK = YES;
				CLANG_WARN_BLOCK_CAPTURE_AUTORELEASING = YES;
				CLANG_WARN_BOOL_CONVERSION = YES;
				CLANG_WARN_COMMA = YES;
				CLANG_WARN_CONSTANT_CONVERSION = YES;
				CLANG_WARN_DEPRECATED_OBJC_IMPLEMENTATIONS = YES;
				CLANG_WARN_DIRECT_OBJC_ISA_USAGE = YES_ERROR;
				CLANG_WARN_DOCUMENTATION_COMMENTS = YES;
				CLANG_WARN_EMPTY_BODY = YES;
				CLANG_WARN_ENUM_CONVERSION = YES;
				CLANG_WARN_INFINITE_RECURSION = YES;
				CLANG_WARN_INT_CONVERSION = YES;
				CLANG_WARN_NON_LITERAL_NULL_CONVERSION = YES;
				CLANG_WARN_OBJC_IMPLICIT_RETAIN_SELF = YES;
				CLANG_WARN_OBJC_LITERAL_CONVERSION = YES;
				CLANG_WARN_OBJC_ROOT_CLASS = YES_ERROR;
				CLANG_WARN_QUOTED_INCLUDE_IN_FRAMEWORK_HEADER = YES;
				CLANG_WARN_RANGE_LOOP_ANALYSIS = YES;
				CLANG_WARN_STRICT_PROTOTYPES = YES;
				CLANG_WARN_SUSPICIOUS_MOVE = YES;
				CLANG_WARN_UNGUARDED_AVAILABILITY = YES_AGGRESSIVE;
				CLANG_WARN_UNREACHABLE_CODE = YES;
				CLANG_WARN__DUPLICATE_METHOD_MATCH = YES;
				COPY_PHASE_STRIP = NO;
				DEBUG_INFORMATION_FORMAT = dwarf;
				ENABLE_STRICT_OBJC_MSGSEND = YES;
				ENABLE_TESTABILITY = YES;
				ENABLE_USER_SCRIPT_SANDBOXING = YES;
				GCC_C_LANGUAGE_STANDARD = gnu17;
				GCC_DYNAMIC_NO_PIC = NO;
				GCC_NO_COMMON_BLOCKS = YES;
				GCC_OPTIMIZATION_LEVEL = 0;
				GCC_PREPROCESSOR_DEFINITIONS = (
					"DEBUG=1",
					"$(inherited)",
				);
				GCC_WARN_64_TO_32_BIT_CONVERSION = YES;
				GCC_WARN_ABOUT_RETURN_TYPE = YES_ERROR;
				GCC_WARN_UNDECLARED_SELECTOR = YES;
				GCC_WARN_UNINITIALIZED_AUTOS = YES_AGGRESSIVE;
				GCC_WARN_UNUSED_FUNCTION = YES;
				GCC_WARN_UNUSED_VARIABLE = YES;
				LOCALIZATION_PREFERS_STRING_CATALOGS = YES;
				MTL_ENABLE_DEBUG_INFO = INCLUDE_SOURCE;
				MTL_FAST_MATH = YES;
				ONLY_ACTIVE_ARCH = YES;
				SWIFT_ACTIVE_COMPILATION_CONDITIONS = "DEBUG $(inherited)";
				SWIFT_OPTIMIZATION_LEVEL = "-Onone";
			};
			name = Debug;
		};
		A1D8CC9F2C08F82400467C36 /* Release */ = {
			isa = XCBuildConfiguration;
			buildSettings = {
				ALWAYS_SEARCH_USER_PATHS = NO;
				ASSETCATALOG_COMPILER_GENERATE_SWIFT_ASSET_SYMBOL_EXTENSIONS = YES;
				CLANG_ANALYZER_NONNULL = YES;
				CLANG_ANALYZER_NUMBER_OBJECT_CONVERSION = YES_AGGRESSIVE;
				CLANG_CXX_LANGUAGE_STANDARD = "gnu++20";
				CLANG_ENABLE_MODULES = YES;
				CLANG_ENABLE_OBJC_ARC = YES;
				CLANG_ENABLE_OBJC_WEAK = YES;
				CLANG_WARN_BLOCK_CAPTURE_AUTORELEASING = YES;
				CLANG_WARN_BOOL_CONVERSION = YES;
				CLANG_WARN_COMMA = YES;
				CLANG_WARN_CONSTANT_CONVERSION = YES;
				CLANG_WARN_DEPRECATED_OBJC_IMPLEMENTATIONS = YES;
				CLANG_WARN_DIRECT_OBJC_ISA_USAGE = YES_ERROR;
				CLANG_WARN_DOCUMENTATION_COMMENTS = YES;
				CLANG_WARN_EMPTY_BODY = YES;
				CLANG_WARN_ENUM_CONVERSION = YES;
				CLANG_WARN_INFINITE_RECURSION = YES;
				CLANG_WARN_INT_CONVERSION = YES;
				CLANG_WARN_NON_LITERAL_NULL_CONVERSION = YES;
				CLANG_WARN_OBJC_IMPLICIT_RETAIN_SELF = YES;
				CLANG_WARN_OBJC_LITERAL_CONVERSION = YES;
				CLANG_WARN_OBJC_ROOT_CLASS = YES_ERROR;
				CLANG_WARN_QUOTED_INCLUDE_IN_FRAMEWORK_HEADER = YES;
				CLANG_WARN_RANGE_LOOP_ANALYSIS = YES;
				CLANG_WARN_STRICT_PROTOTYPES = YES;
				CLANG_WARN_SUSPICIOUS_MOVE = YES;
				CLANG_WARN_UNGUARDED_AVAILABILITY = YES_AGGRESSIVE;
				CLANG_WARN_UNREACHABLE_CODE = YES;
				CLANG_WARN__DUPLICATE_METHOD_MATCH = YES;
				COPY_PHASE_STRIP = NO;
				DEBUG_INFORMATION_FORMAT = "dwarf-with-dsym";
				ENABLE_NS_ASSERTIONS = NO;
				ENABLE_STRICT_OBJC_MSGSEND = YES;
				ENABLE_USER_SCRIPT_SANDBOXING = YES;
				GCC_C_LANGUAGE_STANDARD = gnu17;
				GCC_NO_COMMON_BLOCKS = YES;
				GCC_WARN_64_TO_32_BIT_CONVERSION = YES;
				GCC_WARN_ABOUT_RETURN_TYPE = YES_ERROR;
				GCC_WARN_UNDECLARED_SELECTOR = YES;
				GCC_WARN_UNINITIALIZED_AUTOS = YES_AGGRESSIVE;
				GCC_WARN_UNUSED_FUNCTION = YES;
				GCC_WARN_UNUSED_VARIABLE = YES;
				LOCALIZATION_PREFERS_STRING_CATALOGS = YES;
				MTL_ENABLE_DEBUG_INFO = NO;
				MTL_FAST_MATH = YES;
				SWIFT_COMPILATION_MODE = wholemodule;
			};
			name = Release;
		};
		A1D8CCA12C08F82400467C36 /* Debug */ = {
			isa = XCBuildConfiguration;
			buildSettings = {
				ASSETCATALOG_COMPILER_APPICON_NAME = AppIcon;
				ASSETCATALOG_COMPILER_GLOBAL_ACCENT_COLOR_NAME = AccentColor;
				CODE_SIGN_ENTITLEMENTS = ProjektHephaistos/ProjektHephaistos.entitlements;
				CODE_SIGN_STYLE = Automatic;
				CURRENT_PROJECT_VERSION = 1;
				DEVELOPMENT_ASSET_PATHS = "\"ProjektHephaistos/Preview Content\"";
				DEVELOPMENT_TEAM = JAC95G8ZKL;
				ENABLE_HARDENED_RUNTIME = YES;
				ENABLE_PREVIEWS = YES;
				GENERATE_INFOPLIST_FILE = YES;
				"INFOPLIST_KEY_UIApplicationSceneManifest_Generation[sdk=iphoneos*]" = YES;
				"INFOPLIST_KEY_UIApplicationSceneManifest_Generation[sdk=iphonesimulator*]" = YES;
				"INFOPLIST_KEY_UIApplicationSupportsIndirectInputEvents[sdk=iphoneos*]" = YES;
				"INFOPLIST_KEY_UIApplicationSupportsIndirectInputEvents[sdk=iphonesimulator*]" = YES;
				"INFOPLIST_KEY_UILaunchScreen_Generation[sdk=iphoneos*]" = YES;
				"INFOPLIST_KEY_UILaunchScreen_Generation[sdk=iphonesimulator*]" = YES;
				"INFOPLIST_KEY_UIStatusBarStyle[sdk=iphoneos*]" = UIStatusBarStyleDefault;
				"INFOPLIST_KEY_UIStatusBarStyle[sdk=iphonesimulator*]" = UIStatusBarStyleDefault;
				INFOPLIST_KEY_UISupportedInterfaceOrientations_iPad = "UIInterfaceOrientationPortrait UIInterfaceOrientationPortraitUpsideDown UIInterfaceOrientationLandscapeLeft UIInterfaceOrientationLandscapeRight";
				INFOPLIST_KEY_UISupportedInterfaceOrientations_iPhone = "UIInterfaceOrientationPortrait UIInterfaceOrientationLandscapeLeft UIInterfaceOrientationLandscapeRight";
				IPHONEOS_DEPLOYMENT_TARGET = 17.4;
				LD_RUNPATH_SEARCH_PATHS = "@executable_path/Frameworks";
				"LD_RUNPATH_SEARCH_PATHS[sdk=macosx*]" = "@executable_path/../Frameworks";
				MACOSX_DEPLOYMENT_TARGET = 14.0;
				MARKETING_VERSION = 1.0;
				PRODUCT_BUNDLE_IDENTIFIER = AdrianHaubrich.ProjektHephaistos;
				PRODUCT_NAME = "$(TARGET_NAME)";
				SDKROOT = auto;
				SUPPORTED_PLATFORMS = "iphoneos iphonesimulator macosx";
				SWIFT_EMIT_LOC_STRINGS = YES;
				SWIFT_VERSION = 5.0;
				TARGETED_DEVICE_FAMILY = "1,2";
			};
			name = Debug;
		};
		A1D8CCA22C08F82400467C36 /* Release */ = {
			isa = XCBuildConfiguration;
			buildSettings = {
				ASSETCATALOG_COMPILER_APPICON_NAME = AppIcon;
				ASSETCATALOG_COMPILER_GLOBAL_ACCENT_COLOR_NAME = AccentColor;
				CODE_SIGN_ENTITLEMENTS = ProjektHephaistos/ProjektHephaistos.entitlements;
				CODE_SIGN_STYLE = Automatic;
				CURRENT_PROJECT_VERSION = 1;
				DEVELOPMENT_ASSET_PATHS = "\"ProjektHephaistos/Preview Content\"";
				DEVELOPMENT_TEAM = JAC95G8ZKL;
				ENABLE_HARDENED_RUNTIME = YES;
				ENABLE_PREVIEWS = YES;
				GENERATE_INFOPLIST_FILE = YES;
				"INFOPLIST_KEY_UIApplicationSceneManifest_Generation[sdk=iphoneos*]" = YES;
				"INFOPLIST_KEY_UIApplicationSceneManifest_Generation[sdk=iphonesimulator*]" = YES;
				"INFOPLIST_KEY_UIApplicationSupportsIndirectInputEvents[sdk=iphoneos*]" = YES;
				"INFOPLIST_KEY_UIApplicationSupportsIndirectInputEvents[sdk=iphonesimulator*]" = YES;
				"INFOPLIST_KEY_UILaunchScreen_Generation[sdk=iphoneos*]" = YES;
				"INFOPLIST_KEY_UILaunchScreen_Generation[sdk=iphonesimulator*]" = YES;
				"INFOPLIST_KEY_UIStatusBarStyle[sdk=iphoneos*]" = UIStatusBarStyleDefault;
				"INFOPLIST_KEY_UIStatusBarStyle[sdk=iphonesimulator*]" = UIStatusBarStyleDefault;
				INFOPLIST_KEY_UISupportedInterfaceOrientations_iPad = "UIInterfaceOrientationPortrait UIInterfaceOrientationPortraitUpsideDown UIInterfaceOrientationLandscapeLeft UIInterfaceOrientationLandscapeRight";
				INFOPLIST_KEY_UISupportedInterfaceOrientations_iPhone = "UIInterfaceOrientationPortrait UIInterfaceOrientationLandscapeLeft UIInterfaceOrientationLandscapeRight";
				IPHONEOS_DEPLOYMENT_TARGET = 17.4;
				LD_RUNPATH_SEARCH_PATHS = "@executable_path/Frameworks";
				"LD_RUNPATH_SEARCH_PATHS[sdk=macosx*]" = "@executable_path/../Frameworks";
				MACOSX_DEPLOYMENT_TARGET = 14.0;
				MARKETING_VERSION = 1.0;
				PRODUCT_BUNDLE_IDENTIFIER = AdrianHaubrich.ProjektHephaistos;
				PRODUCT_NAME = "$(TARGET_NAME)";
				SDKROOT = auto;
				SUPPORTED_PLATFORMS = "iphoneos iphonesimulator macosx";
				SWIFT_EMIT_LOC_STRINGS = YES;
				SWIFT_VERSION = 5.0;
				TARGETED_DEVICE_FAMILY = "1,2";
			};
			name = Release;
		};
		A1D8CCA42C08F82400467C36 /* Debug */ = {
			isa = XCBuildConfiguration;
			buildSettings = {
				ALWAYS_EMBED_SWIFT_STANDARD_LIBRARIES = YES;
				BUNDLE_LOADER = "$(TEST_HOST)";
				CODE_SIGN_STYLE = Automatic;
				CURRENT_PROJECT_VERSION = 1;
				DEVELOPMENT_TEAM = JAC95G8ZKL;
				GENERATE_INFOPLIST_FILE = YES;
				IPHONEOS_DEPLOYMENT_TARGET = 17.4;
				MACOSX_DEPLOYMENT_TARGET = 14.0;
				MARKETING_VERSION = 1.0;
				PRODUCT_BUNDLE_IDENTIFIER = AdrianHaubrich.ProjektHephaistosTests;
				PRODUCT_NAME = "$(TARGET_NAME)";
				SDKROOT = auto;
				SUPPORTED_PLATFORMS = "iphoneos iphonesimulator macosx";
				SWIFT_EMIT_LOC_STRINGS = NO;
				SWIFT_VERSION = 5.0;
				TARGETED_DEVICE_FAMILY = "1,2";
				TEST_HOST = "$(BUILT_PRODUCTS_DIR)/ProjektHephaistos.app/$(BUNDLE_EXECUTABLE_FOLDER_PATH)/ProjektHephaistos";
			};
			name = Debug;
		};
		A1D8CCA52C08F82400467C36 /* Release */ = {
			isa = XCBuildConfiguration;
			buildSettings = {
				ALWAYS_EMBED_SWIFT_STANDARD_LIBRARIES = YES;
				BUNDLE_LOADER = "$(TEST_HOST)";
				CODE_SIGN_STYLE = Automatic;
				CURRENT_PROJECT_VERSION = 1;
				DEVELOPMENT_TEAM = JAC95G8ZKL;
				GENERATE_INFOPLIST_FILE = YES;
				IPHONEOS_DEPLOYMENT_TARGET = 17.4;
				MACOSX_DEPLOYMENT_TARGET = 14.0;
				MARKETING_VERSION = 1.0;
				PRODUCT_BUNDLE_IDENTIFIER = AdrianHaubrich.ProjektHephaistosTests;
				PRODUCT_NAME = "$(TARGET_NAME)";
				SDKROOT = auto;
				SUPPORTED_PLATFORMS = "iphoneos iphonesimulator macosx";
				SWIFT_EMIT_LOC_STRINGS = NO;
				SWIFT_VERSION = 5.0;
				TARGETED_DEVICE_FAMILY = "1,2";
				TEST_HOST = "$(BUILT_PRODUCTS_DIR)/ProjektHephaistos.app/$(BUNDLE_EXECUTABLE_FOLDER_PATH)/ProjektHephaistos";
			};
			name = Release;
		};
		A1D8CCA72C08F82400467C36 /* Debug */ = {
			isa = XCBuildConfiguration;
			buildSettings = {
				ALWAYS_EMBED_SWIFT_STANDARD_LIBRARIES = YES;
				CODE_SIGN_STYLE = Automatic;
				CURRENT_PROJECT_VERSION = 1;
				DEVELOPMENT_TEAM = JAC95G8ZKL;
				GENERATE_INFOPLIST_FILE = YES;
				IPHONEOS_DEPLOYMENT_TARGET = 17.4;
				MACOSX_DEPLOYMENT_TARGET = 14.0;
				MARKETING_VERSION = 1.0;
				PRODUCT_BUNDLE_IDENTIFIER = AdrianHaubrich.ProjektHephaistosUITests;
				PRODUCT_NAME = "$(TARGET_NAME)";
				SDKROOT = auto;
				SUPPORTED_PLATFORMS = "iphoneos iphonesimulator macosx";
				SWIFT_EMIT_LOC_STRINGS = NO;
				SWIFT_VERSION = 5.0;
				TARGETED_DEVICE_FAMILY = "1,2";
				TEST_TARGET_NAME = ProjektHephaistos;
			};
			name = Debug;
		};
		A1D8CCA82C08F82400467C36 /* Release */ = {
			isa = XCBuildConfiguration;
			buildSettings = {
				ALWAYS_EMBED_SWIFT_STANDARD_LIBRARIES = YES;
				CODE_SIGN_STYLE = Automatic;
				CURRENT_PROJECT_VERSION = 1;
				DEVELOPMENT_TEAM = JAC95G8ZKL;
				GENERATE_INFOPLIST_FILE = YES;
				IPHONEOS_DEPLOYMENT_TARGET = 17.4;
				MACOSX_DEPLOYMENT_TARGET = 14.0;
				MARKETING_VERSION = 1.0;
				PRODUCT_BUNDLE_IDENTIFIER = AdrianHaubrich.ProjektHephaistosUITests;
				PRODUCT_NAME = "$(TARGET_NAME)";
				SDKROOT = auto;
				SUPPORTED_PLATFORMS = "iphoneos iphonesimulator macosx";
				SWIFT_EMIT_LOC_STRINGS = NO;
				SWIFT_VERSION = 5.0;
				TARGETED_DEVICE_FAMILY = "1,2";
				TEST_TARGET_NAME = ProjektHephaistos;
			};
			name = Release;
		};
/* End XCBuildConfiguration section */

/* Begin XCConfigurationList section */
		A1D8CC742C08F82200467C36 /* Build configuration list for PBXProject "ProjektHephaistos" */ = {
			isa = XCConfigurationList;
			buildConfigurations = (
				A1D8CC9E2C08F82400467C36 /* Debug */,
				A1D8CC9F2C08F82400467C36 /* Release */,
			);
			defaultConfigurationIsVisible = 0;
			defaultConfigurationName = Release;
		};
		A1D8CCA02C08F82400467C36 /* Build configuration list for PBXNativeTarget "ProjektHephaistos" */ = {
			isa = XCConfigurationList;
			buildConfigurations = (
				A1D8CCA12C08F82400467C36 /* Debug */,
				A1D8CCA22C08F82400467C36 /* Release */,
			);
			defaultConfigurationIsVisible = 0;
			defaultConfigurationName = Release;
		};
		A1D8CCA32C08F82400467C36 /* Build configuration list for PBXNativeTarget "ProjektHephaistosTests" */ = {
			isa = XCConfigurationList;
			buildConfigurations = (
				A1D8CCA42C08F82400467C36 /* Debug */,
				A1D8CCA52C08F82400467C36 /* Release */,
			);
			defaultConfigurationIsVisible = 0;
			defaultConfigurationName = Release;
		};
		A1D8CCA62C08F82400467C36 /* Build configuration list for PBXNativeTarget "ProjektHephaistosUITests" */ = {
			isa = XCConfigurationList;
			buildConfigurations = (
				A1D8CCA72C08F82400467C36 /* Debug */,
				A1D8CCA82C08F82400467C36 /* Release */,
			);
			defaultConfigurationIsVisible = 0;
			defaultConfigurationName = Release;
		};
/* End XCConfigurationList section */
	};
	rootObject = A1D8CC712C08F82200467C36 /* Project object */;
}
